Microsoft Visual Studio Solution File, Format Version 12.00
# Visual Studio 15
VisualStudioVersion = 15.0.26124.0
MinimumVisualStudioVersion = 15.0.26124.0
Project("{2150E333-8FDC-42A3-9474-1A3956D46DE8}") = "Solution Items", "Solution Items", "{EEC3E15F-2A06-44AD-B5CD-5A2D0B74C3D1}"
	ProjectSection(SolutionItems) = preProject
		.editorconfig = .editorconfig
		indy_pool.dockerfile = indy_pool.dockerfile
		README.md = README.md
	EndProjectSection
EndProject
Project("{9A19103F-16F7-4668-BE54-9A1E7A4F7556}") = "indy-sdk-dotnet", "indy-sdk-dotnet\indy-sdk-dotnet.csproj", "{E4A1614D-7D9A-4495-90C8-2F74B0AF5255}"
EndProject
Project("{9A19103F-16F7-4668-BE54-9A1E7A4F7556}") = "indy-sdk-dotnet-test", "indy-sdk-dotnet-test\indy-sdk-dotnet-test.csproj", "{A8668B0B-2628-4B60-A209-804CB6744B7A}"
EndProject
Project("{9A19103F-16F7-4668-BE54-9A1E7A4F7556}") = "WaultBlock.Data", "WaultBlock.Data\WaultBlock.Data.csproj", "{4553BD5A-3882-4A71-8570-77FE714E6476}"
EndProject
Project("{9A19103F-16F7-4668-BE54-9A1E7A4F7556}") = "WaultBlock.Models", "WaultBlock.Models\WaultBlock.Models.csproj", "{EDDAC863-B029-49C6-809B-50F9D4B4CF71}"
EndProject
Project("{9A19103F-16F7-4668-BE54-9A1E7A4F7556}") = "WaultBlock.Identities", "WaultBlock.Identities\WaultBlock.Identities.csproj", "{48C48171-5C37-4B4B-96F6-B629A2CC0D83}"
EndProject
Project("{9A19103F-16F7-4668-BE54-9A1E7A4F7556}") = "WaultBlock.Utils", "WaultBlock.Utils\WaultBlock.Utils.csproj", "{FD4A1EFE-291F-422B-8506-3D0AFF776CE2}"
EndProject
Project("{9A19103F-16F7-4668-BE54-9A1E7A4F7556}") = "WaultBlock.Sample", "WaultBlock.Sample\WaultBlock.Sample.csproj", "{979F471D-54C6-4EAF-B4C6-84CDD67AE66C}"
EndProject
Project("{9A19103F-16F7-4668-BE54-9A1E7A4F7556}") = "WaultBlock.Utils.Test", "WaultBlock.Utils.Test\WaultBlock.Utils.Test.csproj", "{32DCBE5D-B994-42F5-B6B2-AE5ECD5EAF42}"
EndProject
Global
	GlobalSection(SolutionConfigurationPlatforms) = preSolution
		Debug|Any CPU = Debug|Any CPU
		Debug|x64 = Debug|x64
		Debug|x86 = Debug|x86
		Release|Any CPU = Release|Any CPU
		Release|x64 = Release|x64
		Release|x86 = Release|x86
	EndGlobalSection
	GlobalSection(ProjectConfigurationPlatforms) = postSolution
		{E4A1614D-7D9A-4495-90C8-2F74B0AF5255}.Debug|Any CPU.ActiveCfg = Debug|Any CPU
		{E4A1614D-7D9A-4495-90C8-2F74B0AF5255}.Debug|Any CPU.Build.0 = Debug|Any CPU
		{E4A1614D-7D9A-4495-90C8-2F74B0AF5255}.Debug|x64.ActiveCfg = Debug|Any CPU
		{E4A1614D-7D9A-4495-90C8-2F74B0AF5255}.Debug|x64.Build.0 = Debug|Any CPU
		{E4A1614D-7D9A-4495-90C8-2F74B0AF5255}.Debug|x86.ActiveCfg = Debug|Any CPU
		{E4A1614D-7D9A-4495-90C8-2F74B0AF5255}.Debug|x86.Build.0 = Debug|Any CPU
		{E4A1614D-7D9A-4495-90C8-2F74B0AF5255}.Release|Any CPU.ActiveCfg = Release|Any CPU
		{E4A1614D-7D9A-4495-90C8-2F74B0AF5255}.Release|Any CPU.Build.0 = Release|Any CPU
		{E4A1614D-7D9A-4495-90C8-2F74B0AF5255}.Release|x64.ActiveCfg = Release|Any CPU
		{E4A1614D-7D9A-4495-90C8-2F74B0AF5255}.Release|x64.Build.0 = Release|Any CPU
		{E4A1614D-7D9A-4495-90C8-2F74B0AF5255}.Release|x86.ActiveCfg = Release|Any CPU
		{E4A1614D-7D9A-4495-90C8-2F74B0AF5255}.Release|x86.Build.0 = Release|Any CPU
		{A8668B0B-2628-4B60-A209-804CB6744B7A}.Debug|Any CPU.ActiveCfg = Debug|Any CPU
		{A8668B0B-2628-4B60-A209-804CB6744B7A}.Debug|Any CPU.Build.0 = Debug|Any CPU
		{A8668B0B-2628-4B60-A209-804CB6744B7A}.Debug|x64.ActiveCfg = Debug|Any CPU
		{A8668B0B-2628-4B60-A209-804CB6744B7A}.Debug|x64.Build.0 = Debug|Any CPU
		{A8668B0B-2628-4B60-A209-804CB6744B7A}.Debug|x86.ActiveCfg = Debug|Any CPU
		{A8668B0B-2628-4B60-A209-804CB6744B7A}.Debug|x86.Build.0 = Debug|Any CPU
		{A8668B0B-2628-4B60-A209-804CB6744B7A}.Release|Any CPU.ActiveCfg = Release|Any CPU
		{A8668B0B-2628-4B60-A209-804CB6744B7A}.Release|Any CPU.Build.0 = Release|Any CPU
		{A8668B0B-2628-4B60-A209-804CB6744B7A}.Release|x64.ActiveCfg = Release|Any CPU
		{A8668B0B-2628-4B60-A209-804CB6744B7A}.Release|x64.Build.0 = Release|Any CPU
		{A8668B0B-2628-4B60-A209-804CB6744B7A}.Release|x86.ActiveCfg = Release|Any CPU
		{A8668B0B-2628-4B60-A209-804CB6744B7A}.Release|x86.Build.0 = Release|Any CPU
		{4553BD5A-3882-4A71-8570-77FE714E6476}.Debug|Any CPU.ActiveCfg = Debug|Any CPU
		{4553BD5A-3882-4A71-8570-77FE714E6476}.Debug|Any CPU.Build.0 = Debug|Any CPU
		{4553BD5A-3882-4A71-8570-77FE714E6476}.Debug|x64.ActiveCfg = Debug|Any CPU
		{4553BD5A-3882-4A71-8570-77FE714E6476}.Debug|x64.Build.0 = Debug|Any CPU
		{4553BD5A-3882-4A71-8570-77FE714E6476}.Debug|x86.ActiveCfg = Debug|Any CPU
		{4553BD5A-3882-4A71-8570-77FE714E6476}.Debug|x86.Build.0 = Debug|Any CPU
		{4553BD5A-3882-4A71-8570-77FE714E6476}.Release|Any CPU.ActiveCfg = Release|Any CPU
		{4553BD5A-3882-4A71-8570-77FE714E6476}.Release|Any CPU.Build.0 = Release|Any CPU
		{4553BD5A-3882-4A71-8570-77FE714E6476}.Release|x64.ActiveCfg = Release|Any CPU
		{4553BD5A-3882-4A71-8570-77FE714E6476}.Release|x64.Build.0 = Release|Any CPU
		{4553BD5A-3882-4A71-8570-77FE714E6476}.Release|x86.ActiveCfg = Release|Any CPU
		{4553BD5A-3882-4A71-8570-77FE714E6476}.Release|x86.Build.0 = Release|Any CPU
		{EDDAC863-B029-49C6-809B-50F9D4B4CF71}.Debug|Any CPU.ActiveCfg = Debug|Any CPU
		{EDDAC863-B029-49C6-809B-50F9D4B4CF71}.Debug|Any CPU.Build.0 = Debug|Any CPU
		{EDDAC863-B029-49C6-809B-50F9D4B4CF71}.Debug|x64.ActiveCfg = Debug|Any CPU
		{EDDAC863-B029-49C6-809B-50F9D4B4CF71}.Debug|x64.Build.0 = Debug|Any CPU
		{EDDAC863-B029-49C6-809B-50F9D4B4CF71}.Debug|x86.ActiveCfg = Debug|Any CPU
		{EDDAC863-B029-49C6-809B-50F9D4B4CF71}.Debug|x86.Build.0 = Debug|Any CPU
		{EDDAC863-B029-49C6-809B-50F9D4B4CF71}.Release|Any CPU.ActiveCfg = Release|Any CPU
		{EDDAC863-B029-49C6-809B-50F9D4B4CF71}.Release|Any CPU.Build.0 = Release|Any CPU
		{EDDAC863-B029-49C6-809B-50F9D4B4CF71}.Release|x64.ActiveCfg = Release|Any CPU
		{EDDAC863-B029-49C6-809B-50F9D4B4CF71}.Release|x64.Build.0 = Release|Any CPU
		{EDDAC863-B029-49C6-809B-50F9D4B4CF71}.Release|x86.ActiveCfg = Release|Any CPU
		{EDDAC863-B029-49C6-809B-50F9D4B4CF71}.Release|x86.Build.0 = Release|Any CPU
		{48C48171-5C37-4B4B-96F6-B629A2CC0D83}.Debug|Any CPU.ActiveCfg = Debug|Any CPU
		{48C48171-5C37-4B4B-96F6-B629A2CC0D83}.Debug|Any CPU.Build.0 = Debug|Any CPU
		{48C48171-5C37-4B4B-96F6-B629A2CC0D83}.Debug|x64.ActiveCfg = Debug|Any CPU
		{48C48171-5C37-4B4B-96F6-B629A2CC0D83}.Debug|x64.Build.0 = Debug|Any CPU
		{48C48171-5C37-4B4B-96F6-B629A2CC0D83}.Debug|x86.ActiveCfg = Debug|Any CPU
		{48C48171-5C37-4B4B-96F6-B629A2CC0D83}.Debug|x86.Build.0 = Debug|Any CPU
		{48C48171-5C37-4B4B-96F6-B629A2CC0D83}.Release|Any CPU.ActiveCfg = Release|Any CPU
		{48C48171-5C37-4B4B-96F6-B629A2CC0D83}.Release|Any CPU.Build.0 = Release|Any CPU
		{48C48171-5C37-4B4B-96F6-B629A2CC0D83}.Release|x64.ActiveCfg = Release|Any CPU
		{48C48171-5C37-4B4B-96F6-B629A2CC0D83}.Release|x64.Build.0 = Release|Any CPU
		{48C48171-5C37-4B4B-96F6-B629A2CC0D83}.Release|x86.ActiveCfg = Release|Any CPU
		{48C48171-5C37-4B4B-96F6-B629A2CC0D83}.Release|x86.Build.0 = Release|Any CPU
		{FD4A1EFE-291F-422B-8506-3D0AFF776CE2}.Debug|Any CPU.ActiveCfg = Debug|Any CPU
		{FD4A1EFE-291F-422B-8506-3D0AFF776CE2}.Debug|Any CPU.Build.0 = Debug|Any CPU
		{FD4A1EFE-291F-422B-8506-3D0AFF776CE2}.Debug|x64.ActiveCfg = Debug|Any CPU
		{FD4A1EFE-291F-422B-8506-3D0AFF776CE2}.Debug|x64.Build.0 = Debug|Any CPU
		{FD4A1EFE-291F-422B-8506-3D0AFF776CE2}.Debug|x86.ActiveCfg = Debug|Any CPU
		{FD4A1EFE-291F-422B-8506-3D0AFF776CE2}.Debug|x86.Build.0 = Debug|Any CPU
		{FD4A1EFE-291F-422B-8506-3D0AFF776CE2}.Release|Any CPU.ActiveCfg = Release|Any CPU
		{FD4A1EFE-291F-422B-8506-3D0AFF776CE2}.Release|Any CPU.Build.0 = Release|Any CPU
		{FD4A1EFE-291F-422B-8506-3D0AFF776CE2}.Release|x64.ActiveCfg = Release|Any CPU
		{FD4A1EFE-291F-422B-8506-3D0AFF776CE2}.Release|x64.Build.0 = Release|Any CPU
		{FD4A1EFE-291F-422B-8506-3D0AFF776CE2}.Release|x86.ActiveCfg = Release|Any CPU
		{FD4A1EFE-291F-422B-8506-3D0AFF776CE2}.Release|x86.Build.0 = Release|Any CPU
		{979F471D-54C6-4EAF-B4C6-84CDD67AE66C}.Debug|Any CPU.ActiveCfg = Debug|Any CPU
		{979F471D-54C6-4EAF-B4C6-84CDD67AE66C}.Debug|Any CPU.Build.0 = Debug|Any CPU
		{979F471D-54C6-4EAF-B4C6-84CDD67AE66C}.Debug|x64.ActiveCfg = Debug|Any CPU
		{979F471D-54C6-4EAF-B4C6-84CDD67AE66C}.Debug|x64.Build.0 = Debug|Any CPU
		{979F471D-54C6-4EAF-B4C6-84CDD67AE66C}.Debug|x86.ActiveCfg = Debug|Any CPU
		{979F471D-54C6-4EAF-B4C6-84CDD67AE66C}.Debug|x86.Build.0 = Debug|Any CPU
		{979F471D-54C6-4EAF-B4C6-84CDD67AE66C}.Release|Any CPU.ActiveCfg = Release|Any CPU
		{979F471D-54C6-4EAF-B4C6-84CDD67AE66C}.Release|Any CPU.Build.0 = Release|Any CPU
		{979F471D-54C6-4EAF-B4C6-84CDD67AE66C}.Release|x64.ActiveCfg = Release|Any CPU
		{979F471D-54C6-4EAF-B4C6-84CDD67AE66C}.Release|x64.Build.0 = Release|Any CPU
		{979F471D-54C6-4EAF-B4C6-84CDD67AE66C}.Release|x86.ActiveCfg = Release|Any CPU
		{979F471D-54C6-4EAF-B4C6-84CDD67AE66C}.Release|x86.Build.0 = Release|Any CPU
		{32DCBE5D-B994-42F5-B6B2-AE5ECD5EAF42}.Debug|Any CPU.ActiveCfg = Debug|Any CPU
		{32DCBE5D-B994-42F5-B6B2-AE5ECD5EAF42}.Debug|Any CPU.Build.0 = Debug|Any CPU
		{32DCBE5D-B994-42F5-B6B2-AE5ECD5EAF42}.Debug|x64.ActiveCfg = Debug|Any CPU
		{32DCBE5D-B994-42F5-B6B2-AE5ECD5EAF42}.Debug|x64.Build.0 = Debug|Any CPU
		{32DCBE5D-B994-42F5-B6B2-AE5ECD5EAF42}.Debug|x86.ActiveCfg = Debug|Any CPU
		{32DCBE5D-B994-42F5-B6B2-AE5ECD5EAF42}.Debug|x86.Build.0 = Debug|Any CPU
		{32DCBE5D-B994-42F5-B6B2-AE5ECD5EAF42}.Release|Any CPU.ActiveCfg = Release|Any CPU
		{32DCBE5D-B994-42F5-B6B2-AE5ECD5EAF42}.Release|Any CPU.Build.0 = Release|Any CPU
		{32DCBE5D-B994-42F5-B6B2-AE5ECD5EAF42}.Release|x64.ActiveCfg = Release|Any CPU
		{32DCBE5D-B994-42F5-B6B2-AE5ECD5EAF42}.Release|x64.Build.0 = Release|Any CPU
		{32DCBE5D-B994-42F5-B6B2-AE5ECD5EAF42}.Release|x86.ActiveCfg = Release|Any CPU
		{32DCBE5D-B994-42F5-B6B2-AE5ECD5EAF42}.Release|x86.Build.0 = Release|Any CPU
	EndGlobalSection
	GlobalSection(SolutionProperties) = preSolution
		HideSolutionNode = FALSE
	EndGlobalSection
	GlobalSection(ExtensibilityGlobals) = postSolution
		SolutionGuid = {62A5965C-C084-4228-8D1E-703E026A05AF}
	EndGlobalSection
EndGlobal
